// !$*UTF8*$!
{
	archiveVersion = 1;
	classes = {
	};
	objectVersion = 56;
	objects = {

/* Begin PBXBuildFile section */
		FA3953602A76AE03006A6640 /* GameCalculator.swift in Sources */ = {isa = PBXBuildFile; fileRef = FA39535F2A76AE03006A6640 /* GameCalculator.swift */; };
		FA43FF9E2A9B51FC00C5F41B /* CornerOrderMainView.swift in Sources */ = {isa = PBXBuildFile; fileRef = FA43FF9D2A9B51FC00C5F41B /* CornerOrderMainView.swift */; };
		FA43FFA02A9B520200C5F41B /* CornerOrderModel.swift in Sources */ = {isa = PBXBuildFile; fileRef = FA43FF9F2A9B520200C5F41B /* CornerOrderModel.swift */; };
		FA48B7762A7D2B3800210DFF /* iExpenseMainView.swift in Sources */ = {isa = PBXBuildFile; fileRef = FA48B7752A7D2B3800210DFF /* iExpenseMainView.swift */; };
		FA48B7782A7D2B5400210DFF /* iExpenseModel.swift in Sources */ = {isa = PBXBuildFile; fileRef = FA48B7772A7D2B5400210DFF /* iExpenseModel.swift */; };
		FA48B77A2A7D2C7200210DFF /* Expenses.swift in Sources */ = {isa = PBXBuildFile; fileRef = FA48B7792A7D2C7200210DFF /* Expenses.swift */; };
		FA48B77C2A7D9D2A00210DFF /* IExpenseExtendedView.swift in Sources */ = {isa = PBXBuildFile; fileRef = FA48B77B2A7D9D2A00210DFF /* IExpenseExtendedView.swift */; };
		FA7C26B52A716AF000E57D27 /* SleepCalculate.mlmodel in Sources */ = {isa = PBXBuildFile; fileRef = FA7C269F2A716AF000E57D27 /* SleepCalculate.mlmodel */; };
		FA7C26B62A716AF000E57D27 /* Preview Assets.xcassets in Resources */ = {isa = PBXBuildFile; fileRef = FA7C26A02A716AF000E57D27 /* Preview Assets.xcassets */; };
		FA7C26B82A716AF000E57D27 /* StartButton.swift in Sources */ = {isa = PBXBuildFile; fileRef = FA7C26A22A716AF000E57D27 /* StartButton.swift */; };
		FA7C26B92A716AF000E57D27 /* WeSplitApp.swift in Sources */ = {isa = PBXBuildFile; fileRef = FA7C26A32A716AF000E57D27 /* WeSplitApp.swift */; };
		FA7C26BA2A716AF000E57D27 /* MainView.swift in Sources */ = {isa = PBXBuildFile; fileRef = FA7C26A42A716AF000E57D27 /* MainView.swift */; };
		FA7C26BB2A716AF000E57D27 /* WordScramble.swift in Sources */ = {isa = PBXBuildFile; fileRef = FA7C26A72A716AF000E57D27 /* WordScramble.swift */; };
		FA7C26BC2A716AF000E57D27 /* start.txt in Resources */ = {isa = PBXBuildFile; fileRef = FA7C26A82A716AF000E57D27 /* start.txt */; };
		FA7C26BD2A716AF000E57D27 /* GameRock.swift in Sources */ = {isa = PBXBuildFile; fileRef = FA7C26AA2A716AF000E57D27 /* GameRock.swift */; };
		FA7C26BE2A716AF000E57D27 /* Assets.xcassets in Resources */ = {isa = PBXBuildFile; fileRef = FA7C26AC2A716AF000E57D27 /* Assets.xcassets */; };
		FA7C26BF2A716AF000E57D27 /* GameGuesTheFlag.swift in Sources */ = {isa = PBXBuildFile; fileRef = FA7C26AD2A716AF000E57D27 /* GameGuesTheFlag.swift */; };
		FA7C26C02A716AF000E57D27 /* BetterRest.swift in Sources */ = {isa = PBXBuildFile; fileRef = FA7C26AF2A716AF000E57D27 /* BetterRest.swift */; };
		FA7C26C12A716AF000E57D27 /* VolumeCalculator.swift in Sources */ = {isa = PBXBuildFile; fileRef = FA7C26B02A716AF000E57D27 /* VolumeCalculator.swift */; };
		FA7C26C22A716AF000E57D27 /* WeSplitView.swift in Sources */ = {isa = PBXBuildFile; fileRef = FA7C26B12A716AF000E57D27 /* WeSplitView.swift */; };
		FA8C6CC92A8FA73500713D28 /* Challenge79MainView.swift in Sources */ = {isa = PBXBuildFile; fileRef = FA8C6CC82A8FA73500713D28 /* Challenge79MainView.swift */; };
		FA8C6CCB2A8FA74300713D28 /* Challenge79Manager.swift in Sources */ = {isa = PBXBuildFile; fileRef = FA8C6CCA2A8FA74300713D28 /* Challenge79Manager.swift */; };
		FA8C6CCD2A8FA75300713D28 /* Challenge79Model.swift in Sources */ = {isa = PBXBuildFile; fileRef = FA8C6CCC2A8FA75300713D28 /* Challenge79Model.swift */; };
		FA948A192A7ED2D300C94AD1 /* MissionsModel.swift in Sources */ = {isa = PBXBuildFile; fileRef = FA948A182A7ED2D300C94AD1 /* MissionsModel.swift */; };
		FA948A1B2A7ED7C000C94AD1 /* ColorTheme.swift in Sources */ = {isa = PBXBuildFile; fileRef = FA948A1A2A7ED7C000C94AD1 /* ColorTheme.swift */; };
		FA948A1D2A7ED94A00C94AD1 /* MissionsView.swift in Sources */ = {isa = PBXBuildFile; fileRef = FA948A1C2A7ED94A00C94AD1 /* MissionsView.swift */; };
		FA948A1F2A7EE05B00C94AD1 /* AstronautsView.swift in Sources */ = {isa = PBXBuildFile; fileRef = FA948A1E2A7EE05B00C94AD1 /* AstronautsView.swift */; };
		FACD20DE2A7B989F006DAC95 /* ChooseAQuestionsStartPage.swift in Sources */ = {isa = PBXBuildFile; fileRef = FACD20DD2A7B989F006DAC95 /* ChooseAQuestionsStartPage.swift */; };
		FACD9CFA2A7E5EED0019F55E /* kkoo.swift in Sources */ = {isa = PBXBuildFile; fileRef = FACD9CF92A7E5EED0019F55E /* kkoo.swift */; };
		FAD27E982A7EC36B00EACF3E /* MoonShotModel.swift in Sources */ = {isa = PBXBuildFile; fileRef = FAD27E972A7EC36B00EACF3E /* MoonShotModel.swift */; };
		FAD27E9A2A7EC37700EACF3E /* MoonShotView.swift in Sources */ = {isa = PBXBuildFile; fileRef = FAD27E992A7EC37700EACF3E /* MoonShotView.swift */; };
		FAD27E9E2A7EC43200EACF3E /* astronauts.json in Resources */ = {isa = PBXBuildFile; fileRef = FAD27E9D2A7EC43200EACF3E /* astronauts.json */; };
		FAD27EA02A7EC44200EACF3E /* missions.json in Resources */ = {isa = PBXBuildFile; fileRef = FAD27E9F2A7EC44200EACF3E /* missions.json */; };
		FAD27EA22A7EC57F00EACF3E /* MoonShot.xcassets in Resources */ = {isa = PBXBuildFile; fileRef = FAD27EA12A7EC57E00EACF3E /* MoonShot.xcassets */; };
		FAD27EA42A7EC68500EACF3E /* WorkingWithUrlMoonShot.swift in Sources */ = {isa = PBXBuildFile; fileRef = FAD27EA32A7EC68500EACF3E /* WorkingWithUrlMoonShot.swift */; };
/* End PBXBuildFile section */

/* Begin PBXFileReference section */
		FA39535F2A76AE03006A6640 /* GameCalculator.swift */ = {isa = PBXFileReference; fileEncoding = 4; lastKnownFileType = sourcecode.swift; path = GameCalculator.swift; sourceTree = "<group>"; };
		FA3D55262A66B2F000A360E5 /* OnehundredDayOfSwift.app */ = {isa = PBXFileReference; explicitFileType = wrapper.application; includeInIndex = 0; path = OnehundredDayOfSwift.app; sourceTree = BUILT_PRODUCTS_DIR; };
		FA43FF9D2A9B51FC00C5F41B /* CornerOrderMainView.swift */ = {isa = PBXFileReference; lastKnownFileType = sourcecode.swift; path = CornerOrderMainView.swift; sourceTree = "<group>"; };
		FA43FF9F2A9B520200C5F41B /* CornerOrderModel.swift */ = {isa = PBXFileReference; lastKnownFileType = sourcecode.swift; path = CornerOrderModel.swift; sourceTree = "<group>"; };
		FA48B7752A7D2B3800210DFF /* iExpenseMainView.swift */ = {isa = PBXFileReference; lastKnownFileType = sourcecode.swift; path = iExpenseMainView.swift; sourceTree = "<group>"; };
		FA48B7772A7D2B5400210DFF /* iExpenseModel.swift */ = {isa = PBXFileReference; lastKnownFileType = sourcecode.swift; path = iExpenseModel.swift; sourceTree = "<group>"; };
		FA48B7792A7D2C7200210DFF /* Expenses.swift */ = {isa = PBXFileReference; lastKnownFileType = sourcecode.swift; path = Expenses.swift; sourceTree = "<group>"; };
		FA48B77B2A7D9D2A00210DFF /* IExpenseExtendedView.swift */ = {isa = PBXFileReference; lastKnownFileType = sourcecode.swift; path = IExpenseExtendedView.swift; sourceTree = "<group>"; };
		FA7C269F2A716AF000E57D27 /* SleepCalculate.mlmodel */ = {isa = PBXFileReference; lastKnownFileType = file.mlmodel; path = SleepCalculate.mlmodel; sourceTree = "<group>"; };
		FA7C26A02A716AF000E57D27 /* Preview Assets.xcassets */ = {isa = PBXFileReference; lastKnownFileType = folder.assetcatalog; path = "Preview Assets.xcassets"; sourceTree = "<group>"; };
		FA7C26A22A716AF000E57D27 /* StartButton.swift */ = {isa = PBXFileReference; fileEncoding = 4; lastKnownFileType = sourcecode.swift; path = StartButton.swift; sourceTree = "<group>"; };
		FA7C26A32A716AF000E57D27 /* WeSplitApp.swift */ = {isa = PBXFileReference; fileEncoding = 4; lastKnownFileType = sourcecode.swift; path = WeSplitApp.swift; sourceTree = "<group>"; };
		FA7C26A42A716AF000E57D27 /* MainView.swift */ = {isa = PBXFileReference; fileEncoding = 4; lastKnownFileType = sourcecode.swift; path = MainView.swift; sourceTree = "<group>"; };
		FA7C26A72A716AF000E57D27 /* WordScramble.swift */ = {isa = PBXFileReference; fileEncoding = 4; lastKnownFileType = sourcecode.swift; path = WordScramble.swift; sourceTree = "<group>"; };
		FA7C26A82A716AF000E57D27 /* start.txt */ = {isa = PBXFileReference; fileEncoding = 4; lastKnownFileType = text; path = start.txt; sourceTree = "<group>"; };
		FA7C26AA2A716AF000E57D27 /* GameRock.swift */ = {isa = PBXFileReference; fileEncoding = 4; lastKnownFileType = sourcecode.swift; path = GameRock.swift; sourceTree = "<group>"; };
		FA7C26AC2A716AF000E57D27 /* Assets.xcassets */ = {isa = PBXFileReference; lastKnownFileType = folder.assetcatalog; path = Assets.xcassets; sourceTree = "<group>"; };
		FA7C26AD2A716AF000E57D27 /* GameGuesTheFlag.swift */ = {isa = PBXFileReference; fileEncoding = 4; lastKnownFileType = sourcecode.swift; path = GameGuesTheFlag.swift; sourceTree = "<group>"; };
		FA7C26AF2A716AF000E57D27 /* BetterRest.swift */ = {isa = PBXFileReference; fileEncoding = 4; lastKnownFileType = sourcecode.swift; path = BetterRest.swift; sourceTree = "<group>"; };
		FA7C26B02A716AF000E57D27 /* VolumeCalculator.swift */ = {isa = PBXFileReference; fileEncoding = 4; lastKnownFileType = sourcecode.swift; path = VolumeCalculator.swift; sourceTree = "<group>"; };
		FA7C26B12A716AF000E57D27 /* WeSplitView.swift */ = {isa = PBXFileReference; fileEncoding = 4; lastKnownFileType = sourcecode.swift; path = WeSplitView.swift; sourceTree = "<group>"; };
		FA8C6CC82A8FA73500713D28 /* Challenge79MainView.swift */ = {isa = PBXFileReference; lastKnownFileType = sourcecode.swift; path = Challenge79MainView.swift; sourceTree = "<group>"; };
		FA8C6CCA2A8FA74300713D28 /* Challenge79Manager.swift */ = {isa = PBXFileReference; lastKnownFileType = sourcecode.swift; path = Challenge79Manager.swift; sourceTree = "<group>"; };
		FA8C6CCC2A8FA75300713D28 /* Challenge79Model.swift */ = {isa = PBXFileReference; lastKnownFileType = sourcecode.swift; path = Challenge79Model.swift; sourceTree = "<group>"; };
		FA948A182A7ED2D300C94AD1 /* MissionsModel.swift */ = {isa = PBXFileReference; lastKnownFileType = sourcecode.swift; path = MissionsModel.swift; sourceTree = "<group>"; };
		FA948A1A2A7ED7C000C94AD1 /* ColorTheme.swift */ = {isa = PBXFileReference; lastKnownFileType = sourcecode.swift; path = ColorTheme.swift; sourceTree = "<group>"; };
		FA948A1C2A7ED94A00C94AD1 /* MissionsView.swift */ = {isa = PBXFileReference; lastKnownFileType = sourcecode.swift; path = MissionsView.swift; sourceTree = "<group>"; };
		FA948A1E2A7EE05B00C94AD1 /* AstronautsView.swift */ = {isa = PBXFileReference; lastKnownFileType = sourcecode.swift; path = AstronautsView.swift; sourceTree = "<group>"; };
		FACD20DD2A7B989F006DAC95 /* ChooseAQuestionsStartPage.swift */ = {isa = PBXFileReference; lastKnownFileType = sourcecode.swift; path = ChooseAQuestionsStartPage.swift; sourceTree = "<group>"; };
		FACD9CF92A7E5EED0019F55E /* kkoo.swift */ = {isa = PBXFileReference; lastKnownFileType = sourcecode.swift; path = kkoo.swift; sourceTree = "<group>"; };
		FAD27E972A7EC36B00EACF3E /* MoonShotModel.swift */ = {isa = PBXFileReference; lastKnownFileType = sourcecode.swift; path = MoonShotModel.swift; sourceTree = "<group>"; };
		FAD27E992A7EC37700EACF3E /* MoonShotView.swift */ = {isa = PBXFileReference; lastKnownFileType = sourcecode.swift; path = MoonShotView.swift; sourceTree = "<group>"; };
		FAD27E9D2A7EC43200EACF3E /* astronauts.json */ = {isa = PBXFileReference; fileEncoding = 4; lastKnownFileType = text.json; path = astronauts.json; sourceTree = "<group>"; };
		FAD27E9F2A7EC44200EACF3E /* missions.json */ = {isa = PBXFileReference; fileEncoding = 4; lastKnownFileType = text.json; path = missions.json; sourceTree = "<group>"; };
		FAD27EA12A7EC57E00EACF3E /* MoonShot.xcassets */ = {isa = PBXFileReference; lastKnownFileType = folder.assetcatalog; path = MoonShot.xcassets; sourceTree = "<group>"; };
		FAD27EA32A7EC68500EACF3E /* WorkingWithUrlMoonShot.swift */ = {isa = PBXFileReference; lastKnownFileType = sourcecode.swift; path = WorkingWithUrlMoonShot.swift; sourceTree = "<group>"; };
/* End PBXFileReference section */

/* Begin PBXFrameworksBuildPhase section */
		FA3D55232A66B2F000A360E5 /* Frameworks */ = {
			isa = PBXFrameworksBuildPhase;
			buildActionMask = 2147483647;
			files = (
			);
			runOnlyForDeploymentPostprocessing = 0;
		};
/* End PBXFrameworksBuildPhase section */

/* Begin PBXGroup section */
		FA39535E2A76AE03006A6640 /* AreYouFastCount? */ = {
			isa = PBXGroup;
			children = (
				FA39535F2A76AE03006A6640 /* GameCalculator.swift */,
				FACD20DD2A7B989F006DAC95 /* ChooseAQuestionsStartPage.swift */,
			);
			path = "AreYouFastCount?";
			sourceTree = "<group>";
		};
		FA3D551D2A66B2F000A360E5 = {
			isa = PBXGroup;
			children = (
				FA7C269D2A716AF000E57D27 /* HW */,
				FA3D55272A66B2F000A360E5 /* Products */,
			);
			sourceTree = "<group>";
		};
		FA3D55272A66B2F000A360E5 /* Products */ = {
			isa = PBXGroup;
			children = (
				FA3D55262A66B2F000A360E5 /* OnehundredDayOfSwift.app */,
			);
			name = Products;
			sourceTree = "<group>";
		};
		FA43FF9C2A9B51D800C5F41B /* CornerOderTenProject */ = {
			isa = PBXGroup;
			children = (
				FA43FF9D2A9B51FC00C5F41B /* CornerOrderMainView.swift */,
				FA43FF9F2A9B520200C5F41B /* CornerOrderModel.swift */,
			);
			path = CornerOderTenProject;
			sourceTree = "<group>";
		};
		FA48B7742A7D2AD800210DFF /* iExpense */ = {
			isa = PBXGroup;
			children = (
				FA48B7752A7D2B3800210DFF /* iExpenseMainView.swift */,
				FA48B77B2A7D9D2A00210DFF /* IExpenseExtendedView.swift */,
				FA48B7772A7D2B5400210DFF /* iExpenseModel.swift */,
				FACD9CF92A7E5EED0019F55E /* kkoo.swift */,
				FA48B7792A7D2C7200210DFF /* Expenses.swift */,
			);
			path = iExpense;
			sourceTree = "<group>";
		};
		FA7C269D2A716AF000E57D27 /* HW */ = {
			isa = PBXGroup;
			children = (
				FA7C269E2A716AF000E57D27 /* Preview Content */,
				FA7C26A22A716AF000E57D27 /* StartButton.swift */,
				FA7C26A32A716AF000E57D27 /* WeSplitApp.swift */,
				FA7C26A42A716AF000E57D27 /* MainView.swift */,
				FA7C26A52A716AF000E57D27 /* Games */,
				FA7C26AE2A716AF000E57D27 /* Apps */,
			);
			path = HW;
			sourceTree = "<group>";
		};
		FA7C269E2A716AF000E57D27 /* Preview Content */ = {
			isa = PBXGroup;
			children = (
				FA7C269F2A716AF000E57D27 /* SleepCalculate.mlmodel */,
				FA7C26A02A716AF000E57D27 /* Preview Assets.xcassets */,
			);
			path = "Preview Content";
			sourceTree = "<group>";
		};
		FA7C26A52A716AF000E57D27 /* Games */ = {
			isa = PBXGroup;
			children = (
				FA39535E2A76AE03006A6640 /* AreYouFastCount? */,
				FA7C26A62A716AF000E57D27 /* WordScramble */,
				FA7C26A92A716AF000E57D27 /* GameRockPaperSiccors */,
				FA7C26AB2A716AF000E57D27 /* GameFlag */,
			);
			path = Games;
			sourceTree = "<group>";
		};
		FA7C26A62A716AF000E57D27 /* WordScramble */ = {
			isa = PBXGroup;
			children = (
				FA7C26A72A716AF000E57D27 /* WordScramble.swift */,
				FA7C26A82A716AF000E57D27 /* start.txt */,
			);
			path = WordScramble;
			sourceTree = "<group>";
		};
		FA7C26A92A716AF000E57D27 /* GameRockPaperSiccors */ = {
			isa = PBXGroup;
			children = (
				FA7C26AA2A716AF000E57D27 /* GameRock.swift */,
			);
			path = GameRockPaperSiccors;
			sourceTree = "<group>";
		};
		FA7C26AB2A716AF000E57D27 /* GameFlag */ = {
			isa = PBXGroup;
			children = (
				FA7C26AC2A716AF000E57D27 /* Assets.xcassets */,
				FA7C26AD2A716AF000E57D27 /* GameGuesTheFlag.swift */,
			);
			path = GameFlag;
			sourceTree = "<group>";
		};
		FA7C26AE2A716AF000E57D27 /* Apps */ = {
			isa = PBXGroup;
			children = (
				FA43FF9C2A9B51D800C5F41B /* CornerOderTenProject */,
				FA7C26B12A716AF000E57D27 /* WeSplitView.swift */,
				FAD27E962A7EC34A00EACF3E /* MoonShot */,
				FA7C26B02A716AF000E57D27 /* VolumeCalculator.swift */,
				FA7C26AF2A716AF000E57D27 /* BetterRest.swift */,
				FA48B7742A7D2AD800210DFF /* iExpense */,
				FA8C6CC22A8F9E6A00713D28 /* Challenge7-9 */,
			);
			path = Apps;
			sourceTree = "<group>";
		};
		FA8C6CC22A8F9E6A00713D28 /* Challenge7-9 */ = {
			isa = PBXGroup;
			children = (
				FA8C6CC82A8FA73500713D28 /* Challenge79MainView.swift */,
				FA8C6CCA2A8FA74300713D28 /* Challenge79Manager.swift */,
				FA8C6CCC2A8FA75300713D28 /* Challenge79Model.swift */,
			);
			path = "Challenge7-9";
			sourceTree = "<group>";
		};
		FAD27E962A7EC34A00EACF3E /* MoonShot */ = {
			isa = PBXGroup;
			children = (
				FAD27E972A7EC36B00EACF3E /* MoonShotModel.swift */,
				FAD27E9D2A7EC43200EACF3E /* astronauts.json */,
				FA948A1A2A7ED7C000C94AD1 /* ColorTheme.swift */,
				FA948A182A7ED2D300C94AD1 /* MissionsModel.swift */,
				FA948A1C2A7ED94A00C94AD1 /* MissionsView.swift */,
				FA948A1E2A7EE05B00C94AD1 /* AstronautsView.swift */,
				FAD27EA32A7EC68500EACF3E /* WorkingWithUrlMoonShot.swift */,
				FAD27E9F2A7EC44200EACF3E /* missions.json */,
				FAD27E992A7EC37700EACF3E /* MoonShotView.swift */,
				FAD27EA12A7EC57E00EACF3E /* MoonShot.xcassets */,
			);
			path = MoonShot;
			sourceTree = "<group>";
		};
/* End PBXGroup section */

/* Begin PBXNativeTarget section */
		FA3D55252A66B2F000A360E5 /* OnehundredDayOfSwift */ = {
			isa = PBXNativeTarget;
			buildConfigurationList = FA3D55342A66B2F500A360E5 /* Build configuration list for PBXNativeTarget "OnehundredDayOfSwift" */;
			buildPhases = (
				FA3D55222A66B2F000A360E5 /* Sources */,
				FA3D55232A66B2F000A360E5 /* Frameworks */,
				FA3D55242A66B2F000A360E5 /* Resources */,
			);
			buildRules = (
			);
			dependencies = (
			);
			name = OnehundredDayOfSwift;
			productName = WeSplit;
			productReference = FA3D55262A66B2F000A360E5 /* OnehundredDayOfSwift.app */;
			productType = "com.apple.product-type.application";
		};
/* End PBXNativeTarget section */

/* Begin PBXProject section */
		FA3D551E2A66B2F000A360E5 /* Project object */ = {
			isa = PBXProject;
			attributes = {
				BuildIndependentTargetsInParallel = 1;
				LastSwiftUpdateCheck = 1500;
				LastUpgradeCheck = 1500;
				TargetAttributes = {
					FA3D55252A66B2F000A360E5 = {
						CreatedOnToolsVersion = 15.0;
					};
				};
			};
			buildConfigurationList = FA3D55212A66B2F000A360E5 /* Build configuration list for PBXProject "OnehundredDayOfSwift" */;
			compatibilityVersion = "Xcode 14.0";
			developmentRegion = en;
			hasScannedForEncodings = 0;
			knownRegions = (
				en,
				Base,
			);
			mainGroup = FA3D551D2A66B2F000A360E5;
			productRefGroup = FA3D55272A66B2F000A360E5 /* Products */;
			projectDirPath = "";
			projectRoot = "";
			targets = (
				FA3D55252A66B2F000A360E5 /* OnehundredDayOfSwift */,
			);
		};
/* End PBXProject section */

/* Begin PBXResourcesBuildPhase section */
		FA3D55242A66B2F000A360E5 /* Resources */ = {
			isa = PBXResourcesBuildPhase;
			buildActionMask = 2147483647;
			files = (
				FA7C26B62A716AF000E57D27 /* Preview Assets.xcassets in Resources */,
				FAD27EA02A7EC44200EACF3E /* missions.json in Resources */,
				FA7C26BC2A716AF000E57D27 /* start.txt in Resources */,
				FA7C26BE2A716AF000E57D27 /* Assets.xcassets in Resources */,
				FAD27E9E2A7EC43200EACF3E /* astronauts.json in Resources */,
				FAD27EA22A7EC57F00EACF3E /* MoonShot.xcassets in Resources */,
			);
			runOnlyForDeploymentPostprocessing = 0;
		};
/* End PBXResourcesBuildPhase section */

/* Begin PBXSourcesBuildPhase section */
		FA3D55222A66B2F000A360E5 /* Sources */ = {
			isa = PBXSourcesBuildPhase;
			buildActionMask = 2147483647;
			files = (
				FA48B77A2A7D2C7200210DFF /* Expenses.swift in Sources */,
				FA3953602A76AE03006A6640 /* GameCalculator.swift in Sources */,
				FA948A1F2A7EE05B00C94AD1 /* AstronautsView.swift in Sources */,
				FAD27EA42A7EC68500EACF3E /* WorkingWithUrlMoonShot.swift in Sources */,
				FAD27E9A2A7EC37700EACF3E /* MoonShotView.swift in Sources */,
				FA43FFA02A9B520200C5F41B /* CornerOrderModel.swift in Sources */,
				FA48B77C2A7D9D2A00210DFF /* IExpenseExtendedView.swift in Sources */,
				FA948A192A7ED2D300C94AD1 /* MissionsModel.swift in Sources */,
				FACD9CFA2A7E5EED0019F55E /* kkoo.swift in Sources */,
				FA7C26BB2A716AF000E57D27 /* WordScramble.swift in Sources */,
				FA7C26B82A716AF000E57D27 /* StartButton.swift in Sources */,
				FA948A1B2A7ED7C000C94AD1 /* ColorTheme.swift in Sources */,
				FAD27E982A7EC36B00EACF3E /* MoonShotModel.swift in Sources */,
				FA7C26BA2A716AF000E57D27 /* MainView.swift in Sources */,
				FA7C26B92A716AF000E57D27 /* WeSplitApp.swift in Sources */,
				FA7C26C12A716AF000E57D27 /* VolumeCalculator.swift in Sources */,
				FACD20DE2A7B989F006DAC95 /* ChooseAQuestionsStartPage.swift in Sources */,
				FA7C26C22A716AF000E57D27 /* WeSplitView.swift in Sources */,
				FA7C26BF2A716AF000E57D27 /* GameGuesTheFlag.swift in Sources */,
				FA7C26BD2A716AF000E57D27 /* GameRock.swift in Sources */,
				FA7C26B52A716AF000E57D27 /* SleepCalculate.mlmodel in Sources */,
				FA7C26C02A716AF000E57D27 /* BetterRest.swift in Sources */,
				FA43FF9E2A9B51FC00C5F41B /* CornerOrderMainView.swift in Sources */,
				FA48B7782A7D2B5400210DFF /* iExpenseModel.swift in Sources */,
				FA948A1D2A7ED94A00C94AD1 /* MissionsView.swift in Sources */,
				FA8C6CCD2A8FA75300713D28 /* Challenge79Model.swift in Sources */,
				FA48B7762A7D2B3800210DFF /* iExpenseMainView.swift in Sources */,
				FA8C6CC92A8FA73500713D28 /* Challenge79MainView.swift in Sources */,
				FA8C6CCB2A8FA74300713D28 /* Challenge79Manager.swift in Sources */,
			);
			runOnlyForDeploymentPostprocessing = 0;
		};
/* End PBXSourcesBuildPhase section */

/* Begin XCBuildConfiguration section */
		FA3D55322A66B2F500A360E5 /* Debug */ = {
			isa = XCBuildConfiguration;
			buildSettings = {
				ALWAYS_SEARCH_USER_PATHS = NO;
				ASSETCATALOG_COMPILER_GENERATE_SWIFT_ASSET_SYMBOL_EXTENSIONS = YES;
				CLANG_ANALYZER_NONNULL = YES;
				CLANG_ANALYZER_NUMBER_OBJECT_CONVERSION = YES_AGGRESSIVE;
				CLANG_CXX_LANGUAGE_STANDARD = "gnu++20";
				CLANG_ENABLE_MODULES = YES;
				CLANG_ENABLE_OBJC_ARC = YES;
				CLANG_ENABLE_OBJC_WEAK = YES;
				CLANG_WARN_BLOCK_CAPTURE_AUTORELEASING = YES;
				CLANG_WARN_BOOL_CONVERSION = YES;
				CLANG_WARN_COMMA = YES;
				CLANG_WARN_CONSTANT_CONVERSION = YES;
				CLANG_WARN_DEPRECATED_OBJC_IMPLEMENTATIONS = YES;
				CLANG_WARN_DIRECT_OBJC_ISA_USAGE = YES_ERROR;
				CLANG_WARN_DOCUMENTATION_COMMENTS = YES;
				CLANG_WARN_EMPTY_BODY = YES;
				CLANG_WARN_ENUM_CONVERSION = YES;
				CLANG_WARN_INFINITE_RECURSION = YES;
				CLANG_WARN_INT_CONVERSION = YES;
				CLANG_WARN_NON_LITERAL_NULL_CONVERSION = YES;
				CLANG_WARN_OBJC_IMPLICIT_RETAIN_SELF = YES;
				CLANG_WARN_OBJC_LITERAL_CONVERSION = YES;
				CLANG_WARN_OBJC_ROOT_CLASS = YES_ERROR;
				CLANG_WARN_QUOTED_INCLUDE_IN_FRAMEWORK_HEADER = YES;
				CLANG_WARN_RANGE_LOOP_ANALYSIS = YES;
				CLANG_WARN_STRICT_PROTOTYPES = YES;
				CLANG_WARN_SUSPICIOUS_MOVE = YES;
				CLANG_WARN_UNGUARDED_AVAILABILITY = YES_AGGRESSIVE;
				CLANG_WARN_UNREACHABLE_CODE = YES;
				CLANG_WARN__DUPLICATE_METHOD_MATCH = YES;
				COPY_PHASE_STRIP = NO;
				DEBUG_INFORMATION_FORMAT = dwarf;
				ENABLE_STRICT_OBJC_MSGSEND = YES;
				ENABLE_TESTABILITY = YES;
				ENABLE_USER_SCRIPT_SANDBOXING = YES;
				GCC_C_LANGUAGE_STANDARD = gnu17;
				GCC_DYNAMIC_NO_PIC = NO;
				GCC_NO_COMMON_BLOCKS = YES;
				GCC_OPTIMIZATION_LEVEL = 0;
				GCC_PREPROCESSOR_DEFINITIONS = (
					"DEBUG=1",
					"$(inherited)",
				);
				GCC_WARN_64_TO_32_BIT_CONVERSION = YES;
				GCC_WARN_ABOUT_RETURN_TYPE = YES_ERROR;
				GCC_WARN_UNDECLARED_SELECTOR = YES;
				GCC_WARN_UNINITIALIZED_AUTOS = YES_AGGRESSIVE;
				GCC_WARN_UNUSED_FUNCTION = YES;
				GCC_WARN_UNUSED_VARIABLE = YES;
				IPHONEOS_DEPLOYMENT_TARGET = 17.0;
				LOCALIZATION_PREFERS_STRING_CATALOGS = YES;
				MTL_ENABLE_DEBUG_INFO = INCLUDE_SOURCE;
				MTL_FAST_MATH = YES;
				ONLY_ACTIVE_ARCH = YES;
				SDKROOT = iphoneos;
				SWIFT_ACTIVE_COMPILATION_CONDITIONS = "DEBUG $(inherited)";
				SWIFT_OPTIMIZATION_LEVEL = "-Onone";
			};
			name = Debug;
		};
		FA3D55332A66B2F500A360E5 /* Release */ = {
			isa = XCBuildConfiguration;
			buildSettings = {
				ALWAYS_SEARCH_USER_PATHS = NO;
				ASSETCATALOG_COMPILER_GENERATE_SWIFT_ASSET_SYMBOL_EXTENSIONS = YES;
				CLANG_ANALYZER_NONNULL = YES;
				CLANG_ANALYZER_NUMBER_OBJECT_CONVERSION = YES_AGGRESSIVE;
				CLANG_CXX_LANGUAGE_STANDARD = "gnu++20";
				CLANG_ENABLE_MODULES = YES;
				CLANG_ENABLE_OBJC_ARC = YES;
				CLANG_ENABLE_OBJC_WEAK = YES;
				CLANG_WARN_BLOCK_CAPTURE_AUTORELEASING = YES;
				CLANG_WARN_BOOL_CONVERSION = YES;
				CLANG_WARN_COMMA = YES;
				CLANG_WARN_CONSTANT_CONVERSION = YES;
				CLANG_WARN_DEPRECATED_OBJC_IMPLEMENTATIONS = YES;
				CLANG_WARN_DIRECT_OBJC_ISA_USAGE = YES_ERROR;
				CLANG_WARN_DOCUMENTATION_COMMENTS = YES;
				CLANG_WARN_EMPTY_BODY = YES;
				CLANG_WARN_ENUM_CONVERSION = YES;
				CLANG_WARN_INFINITE_RECURSION = YES;
				CLANG_WARN_INT_CONVERSION = YES;
				CLANG_WARN_NON_LITERAL_NULL_CONVERSION = YES;
				CLANG_WARN_OBJC_IMPLICIT_RETAIN_SELF = YES;
				CLANG_WARN_OBJC_LITERAL_CONVERSION = YES;
				CLANG_WARN_OBJC_ROOT_CLASS = YES_ERROR;
				CLANG_WARN_QUOTED_INCLUDE_IN_FRAMEWORK_HEADER = YES;
				CLANG_WARN_RANGE_LOOP_ANALYSIS = YES;
				CLANG_WARN_STRICT_PROTOTYPES = YES;
				CLANG_WARN_SUSPICIOUS_MOVE = YES;
				CLANG_WARN_UNGUARDED_AVAILABILITY = YES_AGGRESSIVE;
				CLANG_WARN_UNREACHABLE_CODE = YES;
				CLANG_WARN__DUPLICATE_METHOD_MATCH = YES;
				COPY_PHASE_STRIP = NO;
				DEBUG_INFORMATION_FORMAT = "dwarf-with-dsym";
				ENABLE_NS_ASSERTIONS = NO;
				ENABLE_STRICT_OBJC_MSGSEND = YES;
				ENABLE_USER_SCRIPT_SANDBOXING = YES;
				GCC_C_LANGUAGE_STANDARD = gnu17;
				GCC_NO_COMMON_BLOCKS = YES;
				GCC_WARN_64_TO_32_BIT_CONVERSION = YES;
				GCC_WARN_ABOUT_RETURN_TYPE = YES_ERROR;
				GCC_WARN_UNDECLARED_SELECTOR = YES;
				GCC_WARN_UNINITIALIZED_AUTOS = YES_AGGRESSIVE;
				GCC_WARN_UNUSED_FUNCTION = YES;
				GCC_WARN_UNUSED_VARIABLE = YES;
				IPHONEOS_DEPLOYMENT_TARGET = 17.0;
				LOCALIZATION_PREFERS_STRING_CATALOGS = YES;
				MTL_ENABLE_DEBUG_INFO = NO;
				MTL_FAST_MATH = YES;
				SDKROOT = iphoneos;
				SWIFT_COMPILATION_MODE = wholemodule;
				VALIDATE_PRODUCT = YES;
			};
			name = Release;
		};
		FA3D55352A66B2F500A360E5 /* Debug */ = {
			isa = XCBuildConfiguration;
			buildSettings = {
				ASSETCATALOG_COMPILER_APPICON_NAME = AppIcon;
				ASSETCATALOG_COMPILER_GLOBAL_ACCENT_COLOR_NAME = AccentColor;
				CODE_SIGN_STYLE = Automatic;
				CURRENT_PROJECT_VERSION = 1;
				DEVELOPMENT_ASSET_PATHS = "\"HW/Preview Content\"";
				DEVELOPMENT_TEAM = D95N3D73CL;
				ENABLE_PREVIEWS = YES;
				GENERATE_INFOPLIST_FILE = YES;
				INFOPLIST_KEY_UIApplicationSceneManifest_Generation = YES;
				INFOPLIST_KEY_UIApplicationSupportsIndirectInputEvents = YES;
				INFOPLIST_KEY_UILaunchScreen_Generation = YES;
				INFOPLIST_KEY_UISupportedInterfaceOrientations_iPad = "UIInterfaceOrientationPortrait UIInterfaceOrientationPortraitUpsideDown UIInterfaceOrientationLandscapeLeft UIInterfaceOrientationLandscapeRight";
				INFOPLIST_KEY_UISupportedInterfaceOrientations_iPhone = "UIInterfaceOrientationPortrait UIInterfaceOrientationLandscapeLeft UIInterfaceOrientationLandscapeRight";
				IPHONEOS_DEPLOYMENT_TARGET = 16.3;
				LD_RUNPATH_SEARCH_PATHS = (
					"$(inherited)",
					"@executable_path/Frameworks",
				);
				MARKETING_VERSION = 1.0;
				PRODUCT_BUNDLE_IDENTIFIER = av.WeSplit;
				PRODUCT_NAME = "$(TARGET_NAME)";
				SWIFT_EMIT_LOC_STRINGS = YES;
				SWIFT_VERSION = 5.0;
				TARGETED_DEVICE_FAMILY = "1,2";
			};
			name = Debug;
		};
		FA3D55362A66B2F500A360E5 /* Release */ = {
			isa = XCBuildConfiguration;
			buildSettings = {
				ASSETCATALOG_COMPILER_APPICON_NAME = AppIcon;
				ASSETCATALOG_COMPILER_GLOBAL_ACCENT_COLOR_NAME = AccentColor;
				CODE_SIGN_STYLE = Automatic;
				CURRENT_PROJECT_VERSION = 1;
				DEVELOPMENT_ASSET_PATHS = "\"HW/Preview Content\"";
				DEVELOPMENT_TEAM = D95N3D73CL;
				ENABLE_PREVIEWS = YES;
				GENERATE_INFOPLIST_FILE = YES;
				INFOPLIST_KEY_UIApplicationSceneManifest_Generation = YES;
				INFOPLIST_KEY_UIApplicationSupportsIndirectInputEvents = YES;
				INFOPLIST_KEY_UILaunchScreen_Generation = YES;
				INFOPLIST_KEY_UISupportedInterfaceOrientations_iPad = "UIInterfaceOrientationPortrait UIInterfaceOrientationPortraitUpsideDown UIInterfaceOrientationLandscapeLeft UIInterfaceOrientationLandscapeRight";
				INFOPLIST_KEY_UISupportedInterfaceOrientations_iPhone = "UIInterfaceOrientationPortrait UIInterfaceOrientationLandscapeLeft UIInterfaceOrientationLandscapeRight";
				IPHONEOS_DEPLOYMENT_TARGET = 16.3;
				LD_RUNPATH_SEARCH_PATHS = (
					"$(inherited)",
					"@executable_path/Frameworks",
				);
				MARKETING_VERSION = 1.0;
				PRODUCT_BUNDLE_IDENTIFIER = av.WeSplit;
				PRODUCT_NAME = "$(TARGET_NAME)";
				SWIFT_EMIT_LOC_STRINGS = YES;
				SWIFT_VERSION = 5.0;
				TARGETED_DEVICE_FAMILY = "1,2";
			};
			name = Release;
		};
/* End XCBuildConfiguration section */

/* Begin XCConfigurationList section */
		FA3D55212A66B2F000A360E5 /* Build configuration list for PBXProject "OnehundredDayOfSwift" */ = {
			isa = XCConfigurationList;
			buildConfigurations = (
				FA3D55322A66B2F500A360E5 /* Debug */,
				FA3D55332A66B2F500A360E5 /* Release */,
			);
			defaultConfigurationIsVisible = 0;
			defaultConfigurationName = Release;
		};
		FA3D55342A66B2F500A360E5 /* Build configuration list for PBXNativeTarget "OnehundredDayOfSwift" */ = {
			isa = XCConfigurationList;
			buildConfigurations = (
				FA3D55352A66B2F500A360E5 /* Debug */,
				FA3D55362A66B2F500A360E5 /* Release */,
			);
			defaultConfigurationIsVisible = 0;
			defaultConfigurationName = Release;
		};
/* End XCConfigurationList section */
	};
	rootObject = FA3D551E2A66B2F000A360E5 /* Project object */;
}
